
Microsoft Visual Studio Solution File, Format Version 12.00
# Visual Studio Version 17
VisualStudioVersion = 17.2.32516.85
MinimumVisualStudioVersion = 10.0.40219.1
Project("{9A19103F-16F7-4668-BE54-9A1E7A4F7556}") = "UserManagementApi", "UserManagementApi\UserManagementApi.csproj", "{AD67C5BA-07C4-4E08-B9A2-D9824294F1E0}"
EndProject
Project("{FAE04EC0-301F-11D3-BF4B-00C04F79EFBC}") = "UserManagementApi.Test", "UserManagementApi.Test\UserManagementApi.Test.csproj", "{59F61A7F-A30A-4C26-9409-41A19914DBB3}"
EndProject
Global
	GlobalSection(SolutionConfigurationPlatforms) = preSolution
		Debug|Any CPU = Debug|Any CPU
		Release|Any CPU = Release|Any CPU
	EndGlobalSection
	GlobalSection(ProjectConfigurationPlatforms) = postSolution
		{AD67C5BA-07C4-4E08-B9A2-D9824294F1E0}.Debug|Any CPU.ActiveCfg = Debug|Any CPU
		{AD67C5BA-07C4-4E08-B9A2-D9824294F1E0}.Debug|Any CPU.Build.0 = Debug|Any CPU
		{AD67C5BA-07C4-4E08-B9A2-D9824294F1E0}.Release|Any CPU.ActiveCfg = Release|Any CPU
		{AD67C5BA-07C4-4E08-B9A2-D9824294F1E0}.Release|Any CPU.Build.0 = Release|Any CPU
		{59F61A7F-A30A-4C26-9409-41A19914DBB3}.Debug|Any CPU.ActiveCfg = Debug|Any CPU
		{59F61A7F-A30A-4C26-9409-41A19914DBB3}.Debug|Any CPU.Build.0 = Debug|Any CPU
		{59F61A7F-A30A-4C26-9409-41A19914DBB3}.Release|Any CPU.ActiveCfg = Release|Any CPU
		{59F61A7F-A30A-4C26-9409-41A19914DBB3}.Release|Any CPU.Build.0 = Release|Any CPU
	EndGlobalSection
	GlobalSection(SolutionProperties) = preSolution
		HideSolutionNode = FALSE
	EndGlobalSection
	GlobalSection(ExtensibilityGlobals) = postSolution
		SolutionGuid = {5B17282F-D95F-4134-BE11-4651FC0A2C3C}
	EndGlobalSection
EndGlobal
